# This file is automatically @generated by Poetry 1.8.2 and should not be changed by hand.

[[package]]
name = "GitPython"
version = "3.1.41"
description = "GitPython is a Python library used to interact with Git repositories"
optional = false
python-versions = "*"
files = []

[[package]]
name = "pyinstaller"
version = "6.5.0"
description = "PyInstaller bundles a Python application and all its dependencies into a single package."
optional = false
python-versions = "*"
files = []

[[package]]
name = "pylint"
version = "3.1.0"
description = "python code static checker"
optional = false
python-versions = "*"
files = []

[[package]]
name = "pytest"
version = "8.1.1"
description = "pytest: simple powerful testing with Python"
optional = false
python-versions = "*"
files = []

[[package]]
name = "pytz"
version = "2024.1"
description = "World timezone definitions, modern and historical"
optional = false
python-versions = "*"
files = []

[[package]]
name = "requests"
version = "2.31.0"
description = "Python HTTP for Humans."
optional = false
python-versions = "*"
files = []

[metadata]
lock-version = "2.0"
python-versions = ">=3.11,<3.13"
content-hash = "9906694318a3f2714d80b1dc7568eeaaec83f733d789bc654574b9b7d26e4eda"
